
Microsoft Visual Studio Solution File, Format Version 12.00
# Visual Studio 15
VisualStudioVersion = 15.0.27004.2009
MinimumVisualStudioVersion = 10.0.40219.1
Project("{FAE04EC0-301F-11D3-BF4B-00C04F79EFBC}") = "KarveControls", "KarveControls.csproj", "{183A9EC4-DC89-411D-975D-C67FA4C01747}"
EndProject
Project("{FAE04EC0-301F-11D3-BF4B-00C04F79EFBC}") = "KarveControlsTest", "test\KarveControlsTest.csproj", "{62574BD3-BB43-4C51-8909-B9873A3DA626}"
EndProject
Project("{FAE04EC0-301F-11D3-BF4B-00C04F79EFBC}") = "TestUIComponents", "TestUIObjects\TestUIComponents.csproj", "{0C725581-74A9-48BF-93F6-0986E0326BC9}"
EndProject
Project("{2150E333-8FDC-42A3-9474-1A3956D46DE8}") = "Solution Items", "Solution Items", "{B241D6A7-7623-409F-89A4-E07C34E63B7E}"
	ProjectSection(SolutionItems) = preProject
		..\..\KarveCar.csproj = ..\..\KarveCar.csproj
	EndProjectSection
EndProject
Project("{FAE04EC0-301F-11D3-BF4B-00C04F79EFBC}") = "KarveDataServices", "..\..\Modules\DALModule\KarveDataServices\KarveDataServices.csproj", "{83407587-1785-481B-A4FB-23E035173190}"
EndProject
Project("{FAE04EC0-301F-11D3-BF4B-00C04F79EFBC}") = "KarveCommon", "..\..\KarveCommon\KarveCommon.csproj", "{49FEB437-7F5A-4C7B-870C-A9BB5FC809FD}"
EndProject
Project("{FAE04EC0-301F-11D3-BF4B-00C04F79EFBC}") = "KarveLocale", "..\..\KarveLocale\KarveLocale.csproj", "{D1D7504F-994C-42FB-A78F-B6078F460F7F}"
EndProject
Global
	GlobalSection(SolutionConfigurationPlatforms) = preSolution
		Debug|Any CPU = Debug|Any CPU
		Debug|x86 = Debug|x86
		Release|Any CPU = Release|Any CPU
		Release|x86 = Release|x86
	EndGlobalSection
	GlobalSection(ProjectConfigurationPlatforms) = postSolution
		{183A9EC4-DC89-411D-975D-C67FA4C01747}.Debug|Any CPU.ActiveCfg = Debug|Any CPU
		{183A9EC4-DC89-411D-975D-C67FA4C01747}.Debug|Any CPU.Build.0 = Debug|Any CPU
		{183A9EC4-DC89-411D-975D-C67FA4C01747}.Debug|x86.ActiveCfg = Debug|x86
		{183A9EC4-DC89-411D-975D-C67FA4C01747}.Debug|x86.Build.0 = Debug|x86
		{183A9EC4-DC89-411D-975D-C67FA4C01747}.Release|Any CPU.ActiveCfg = Release|Any CPU
		{183A9EC4-DC89-411D-975D-C67FA4C01747}.Release|Any CPU.Build.0 = Release|Any CPU
		{183A9EC4-DC89-411D-975D-C67FA4C01747}.Release|x86.ActiveCfg = Release|x86
		{183A9EC4-DC89-411D-975D-C67FA4C01747}.Release|x86.Build.0 = Release|x86
		{62574BD3-BB43-4C51-8909-B9873A3DA626}.Debug|Any CPU.ActiveCfg = Debug|Any CPU
		{62574BD3-BB43-4C51-8909-B9873A3DA626}.Debug|Any CPU.Build.0 = Debug|Any CPU
		{62574BD3-BB43-4C51-8909-B9873A3DA626}.Debug|x86.ActiveCfg = Debug|Any CPU
		{62574BD3-BB43-4C51-8909-B9873A3DA626}.Debug|x86.Build.0 = Debug|Any CPU
		{62574BD3-BB43-4C51-8909-B9873A3DA626}.Release|Any CPU.ActiveCfg = Release|Any CPU
		{62574BD3-BB43-4C51-8909-B9873A3DA626}.Release|Any CPU.Build.0 = Release|Any CPU
		{62574BD3-BB43-4C51-8909-B9873A3DA626}.Release|x86.ActiveCfg = Release|Any CPU
		{62574BD3-BB43-4C51-8909-B9873A3DA626}.Release|x86.Build.0 = Release|Any CPU
		{0C725581-74A9-48BF-93F6-0986E0326BC9}.Debug|Any CPU.ActiveCfg = Debug|Any CPU
		{0C725581-74A9-48BF-93F6-0986E0326BC9}.Debug|Any CPU.Build.0 = Debug|Any CPU
		{0C725581-74A9-48BF-93F6-0986E0326BC9}.Debug|x86.ActiveCfg = Debug|Any CPU
		{0C725581-74A9-48BF-93F6-0986E0326BC9}.Debug|x86.Build.0 = Debug|Any CPU
		{0C725581-74A9-48BF-93F6-0986E0326BC9}.Release|Any CPU.ActiveCfg = Release|Any CPU
		{0C725581-74A9-48BF-93F6-0986E0326BC9}.Release|Any CPU.Build.0 = Release|Any CPU
		{0C725581-74A9-48BF-93F6-0986E0326BC9}.Release|x86.ActiveCfg = Release|Any CPU
		{0C725581-74A9-48BF-93F6-0986E0326BC9}.Release|x86.Build.0 = Release|Any CPU
		{83407587-1785-481B-A4FB-23E035173190}.Debug|Any CPU.ActiveCfg = Debug|Any CPU
		{83407587-1785-481B-A4FB-23E035173190}.Debug|Any CPU.Build.0 = Debug|Any CPU
		{83407587-1785-481B-A4FB-23E035173190}.Debug|x86.ActiveCfg = Debug|x86
		{83407587-1785-481B-A4FB-23E035173190}.Debug|x86.Build.0 = Debug|x86
		{83407587-1785-481B-A4FB-23E035173190}.Release|Any CPU.ActiveCfg = Release|Any CPU
		{83407587-1785-481B-A4FB-23E035173190}.Release|Any CPU.Build.0 = Release|Any CPU
		{83407587-1785-481B-A4FB-23E035173190}.Release|x86.ActiveCfg = Release|x86
		{83407587-1785-481B-A4FB-23E035173190}.Release|x86.Build.0 = Release|x86
		{49FEB437-7F5A-4C7B-870C-A9BB5FC809FD}.Debug|Any CPU.ActiveCfg = Debug|Any CPU
		{49FEB437-7F5A-4C7B-870C-A9BB5FC809FD}.Debug|Any CPU.Build.0 = Debug|Any CPU
		{49FEB437-7F5A-4C7B-870C-A9BB5FC809FD}.Debug|x86.ActiveCfg = Debug|x86
		{49FEB437-7F5A-4C7B-870C-A9BB5FC809FD}.Debug|x86.Build.0 = Debug|x86
		{49FEB437-7F5A-4C7B-870C-A9BB5FC809FD}.Release|Any CPU.ActiveCfg = Release|Any CPU
		{49FEB437-7F5A-4C7B-870C-A9BB5FC809FD}.Release|Any CPU.Build.0 = Release|Any CPU
		{49FEB437-7F5A-4C7B-870C-A9BB5FC809FD}.Release|x86.ActiveCfg = Release|x86
		{49FEB437-7F5A-4C7B-870C-A9BB5FC809FD}.Release|x86.Build.0 = Release|x86
		{D1D7504F-994C-42FB-A78F-B6078F460F7F}.Debug|Any CPU.ActiveCfg = Debug|Any CPU
		{D1D7504F-994C-42FB-A78F-B6078F460F7F}.Debug|Any CPU.Build.0 = Debug|Any CPU
		{D1D7504F-994C-42FB-A78F-B6078F460F7F}.Debug|x86.ActiveCfg = Debug|Any CPU
		{D1D7504F-994C-42FB-A78F-B6078F460F7F}.Debug|x86.Build.0 = Debug|Any CPU
		{D1D7504F-994C-42FB-A78F-B6078F460F7F}.Release|Any CPU.ActiveCfg = Release|Any CPU
		{D1D7504F-994C-42FB-A78F-B6078F460F7F}.Release|Any CPU.Build.0 = Release|Any CPU
		{D1D7504F-994C-42FB-A78F-B6078F460F7F}.Release|x86.ActiveCfg = Release|Any CPU
		{D1D7504F-994C-42FB-A78F-B6078F460F7F}.Release|x86.Build.0 = Release|Any CPU
	EndGlobalSection
	GlobalSection(SolutionProperties) = preSolution
		HideSolutionNode = FALSE
	EndGlobalSection
	GlobalSection(ExtensibilityGlobals) = postSolution
		SolutionGuid = {9D484927-B7EE-4797-B70D-E3734AC9C95C}
	EndGlobalSection
EndGlobal
