
Microsoft Visual Studio Solution File, Format Version 12.00
# Blend for Visual Studio 15
VisualStudioVersion = 15.0.27004.2009
MinimumVisualStudioVersion = 10.0.40219.1
Project("{FAE04EC0-301F-11D3-BF4B-00C04F79EFBC}") = "TimeTable", "TimeTable\TimeTable.csproj", "{4211A44E-4785-4A4E-834C-308E6BC6C82E}"
EndProject
Global
	GlobalSection(SolutionConfigurationPlatforms) = preSolution
		Debug|Any CPU = Debug|Any CPU
		Release|Any CPU = Release|Any CPU
	EndGlobalSection
	GlobalSection(ProjectConfigurationPlatforms) = postSolution
		{4211A44E-4785-4A4E-834C-308E6BC6C82E}.Debug|Any CPU.ActiveCfg = Debug|Any CPU
		{4211A44E-4785-4A4E-834C-308E6BC6C82E}.Debug|Any CPU.Build.0 = Debug|Any CPU
		{4211A44E-4785-4A4E-834C-308E6BC6C82E}.Release|Any CPU.ActiveCfg = Release|Any CPU
		{4211A44E-4785-4A4E-834C-308E6BC6C82E}.Release|Any CPU.Build.0 = Release|Any CPU
	EndGlobalSection
	GlobalSection(SolutionProperties) = preSolution
		HideSolutionNode = FALSE
	EndGlobalSection
	GlobalSection(ExtensibilityGlobals) = postSolution
		SolutionGuid = {9E628338-F1E6-40CD-989A-90B1C226A5D7}
	EndGlobalSection
EndGlobal
