
Microsoft Visual Studio Solution File, Format Version 12.00
# Visual Studio 15
VisualStudioVersion = 15.0.26430.15
MinimumVisualStudioVersion = 10.0.40219.1
Project("{FAE04EC0-301F-11D3-BF4B-00C04F79EFBC}") = "KarveCar", "KarveCar.csproj", "{D670E5EB-634C-41E4-A7DD-3621E80E5EF7}"
EndProject
Project("{FAE04EC0-301F-11D3-BF4B-00C04F79EFBC}") = "KarveDataAccessLayer", "DALModule\KarveDataAccessLayer.csproj", "{140C1044-4F56-4855-AF52-A2F91B369460}"
	ProjectSection(ProjectDependencies) = postProject
		{49FEB437-7F5A-4C7B-870C-A9BB5FC809FD} = {49FEB437-7F5A-4C7B-870C-A9BB5FC809FD}
		{F3E45F39-3224-4EAD-B138-EB5CC0E32824} = {F3E45F39-3224-4EAD-B138-EB5CC0E32824}
		{BBC8DA4A-EA88-41D9-8B93-929B8F3ADADE} = {BBC8DA4A-EA88-41D9-8B93-929B8F3ADADE}
		{469678FF-D8AB-4DE7-99AC-D91FB5E6E547} = {469678FF-D8AB-4DE7-99AC-D91FB5E6E547}
	EndProjectSection
EndProject
Project("{FAE04EC0-301F-11D3-BF4B-00C04F79EFBC}") = "KarveCommon", "KarveCommon\KarveCommon.csproj", "{49FEB437-7F5A-4C7B-870C-A9BB5FC809FD}"
EndProject
Project("{FAE04EC0-301F-11D3-BF4B-00C04F79EFBC}") = "KarveTest", "..\test\KarveTest\KarveTest\KarveTest.csproj", "{B1BCB441-8F41-4B63-9FAD-2EB0083260A0}"
EndProject
Project("{FAE04EC0-301F-11D3-BF4B-00C04F79EFBC}") = "Karve.Ibatis.Common", "DALModule\lib\Apache.Ibatis.Common\Karve.Ibatis.Common.csproj", "{BBC8DA4A-EA88-41D9-8B93-929B8F3ADADE}"
EndProject
Project("{FAE04EC0-301F-11D3-BF4B-00C04F79EFBC}") = "Karve.Ibatis.DataMapper", "DALModule\lib\Apache.Ibatis.DataMapper\Karve.Ibatis.DataMapper.csproj", "{F3E45F39-3224-4EAD-B138-EB5CC0E32824}"
EndProject
Project("{FAE04EC0-301F-11D3-BF4B-00C04F79EFBC}") = "Karve.Ibatis.DataMapper.Sysbase.Test", "DALModule\lib\Apache.Ibatis.DataMapper.Sysbase.Test\Karve.Ibatis.DataMapper.Sysbase.Test.csproj", "{469678FF-D8AB-4DE7-99AC-D91FB5E6E547}"
EndProject
Global
	GlobalSection(SolutionConfigurationPlatforms) = preSolution
		Debug|Any CPU = Debug|Any CPU
		Release|Any CPU = Release|Any CPU
	EndGlobalSection
	GlobalSection(ProjectConfigurationPlatforms) = postSolution
		{D670E5EB-634C-41E4-A7DD-3621E80E5EF7}.Debug|Any CPU.ActiveCfg = Debug|Any CPU
		{D670E5EB-634C-41E4-A7DD-3621E80E5EF7}.Debug|Any CPU.Build.0 = Debug|Any CPU
		{D670E5EB-634C-41E4-A7DD-3621E80E5EF7}.Release|Any CPU.ActiveCfg = Release|Any CPU
		{D670E5EB-634C-41E4-A7DD-3621E80E5EF7}.Release|Any CPU.Build.0 = Release|Any CPU
		{140C1044-4F56-4855-AF52-A2F91B369460}.Debug|Any CPU.ActiveCfg = Debug|Any CPU
		{140C1044-4F56-4855-AF52-A2F91B369460}.Debug|Any CPU.Build.0 = Debug|Any CPU
		{140C1044-4F56-4855-AF52-A2F91B369460}.Release|Any CPU.ActiveCfg = Release|Any CPU
		{140C1044-4F56-4855-AF52-A2F91B369460}.Release|Any CPU.Build.0 = Release|Any CPU
		{49FEB437-7F5A-4C7B-870C-A9BB5FC809FD}.Debug|Any CPU.ActiveCfg = Debug|Any CPU
		{49FEB437-7F5A-4C7B-870C-A9BB5FC809FD}.Debug|Any CPU.Build.0 = Debug|Any CPU
		{49FEB437-7F5A-4C7B-870C-A9BB5FC809FD}.Release|Any CPU.ActiveCfg = Release|Any CPU
		{49FEB437-7F5A-4C7B-870C-A9BB5FC809FD}.Release|Any CPU.Build.0 = Release|Any CPU
		{B1BCB441-8F41-4B63-9FAD-2EB0083260A0}.Debug|Any CPU.ActiveCfg = Debug|Any CPU
		{B1BCB441-8F41-4B63-9FAD-2EB0083260A0}.Debug|Any CPU.Build.0 = Debug|Any CPU
		{B1BCB441-8F41-4B63-9FAD-2EB0083260A0}.Release|Any CPU.ActiveCfg = Release|Any CPU
		{B1BCB441-8F41-4B63-9FAD-2EB0083260A0}.Release|Any CPU.Build.0 = Release|Any CPU
		{BBC8DA4A-EA88-41D9-8B93-929B8F3ADADE}.Debug|Any CPU.ActiveCfg = Debug|Any CPU
		{BBC8DA4A-EA88-41D9-8B93-929B8F3ADADE}.Debug|Any CPU.Build.0 = Debug|Any CPU
		{BBC8DA4A-EA88-41D9-8B93-929B8F3ADADE}.Release|Any CPU.ActiveCfg = Release|Any CPU
		{BBC8DA4A-EA88-41D9-8B93-929B8F3ADADE}.Release|Any CPU.Build.0 = Release|Any CPU
		{F3E45F39-3224-4EAD-B138-EB5CC0E32824}.Debug|Any CPU.ActiveCfg = Debug|Any CPU
		{F3E45F39-3224-4EAD-B138-EB5CC0E32824}.Debug|Any CPU.Build.0 = Debug|Any CPU
		{F3E45F39-3224-4EAD-B138-EB5CC0E32824}.Release|Any CPU.ActiveCfg = Release|Any CPU
		{F3E45F39-3224-4EAD-B138-EB5CC0E32824}.Release|Any CPU.Build.0 = Release|Any CPU
		{469678FF-D8AB-4DE7-99AC-D91FB5E6E547}.Debug|Any CPU.ActiveCfg = Debug|Any CPU
		{469678FF-D8AB-4DE7-99AC-D91FB5E6E547}.Debug|Any CPU.Build.0 = Debug|Any CPU
		{469678FF-D8AB-4DE7-99AC-D91FB5E6E547}.Release|Any CPU.ActiveCfg = Release|Any CPU
		{469678FF-D8AB-4DE7-99AC-D91FB5E6E547}.Release|Any CPU.Build.0 = Release|Any CPU
	EndGlobalSection
	GlobalSection(SolutionProperties) = preSolution
		HideSolutionNode = FALSE
	EndGlobalSection
	GlobalSection(ExtensibilityGlobals) = postSolution
		RESX_DuplicateKeyHandling = Fail
		RESX_NeutralResourcesLanguage = es-ES
	EndGlobalSection
EndGlobal
