
Microsoft Visual Studio Solution File, Format Version 12.00
# Visual Studio 15
VisualStudioVersion = 15.0.27004.2009
MinimumVisualStudioVersion = 10.0.40219.1
Project("{FAE04EC0-301F-11D3-BF4B-00C04F79EFBC}") = "KarveCar", "KarveCar.csproj", "{D670E5EB-634C-41E4-A7DD-3621E80E5EF7}"
EndProject
Project("{FAE04EC0-301F-11D3-BF4B-00C04F79EFBC}") = "KarveCommon", "KarveCommon\KarveCommon.csproj", "{49FEB437-7F5A-4C7B-870C-A9BB5FC809FD}"
EndProject
Project("{FAE04EC0-301F-11D3-BF4B-00C04F79EFBC}") = "KarveTest", "..\test\KarveTest\KarveTest\KarveTest.csproj", "{B1BCB441-8F41-4B63-9FAD-2EB0083260A0}"
EndProject
Project("{2150E333-8FDC-42A3-9474-1A3956D46DE8}") = "Modules", "Modules", "{F8439BD1-C948-4FD8-B1C5-FDD1152FB29E}"
EndProject
Project("{2150E333-8FDC-42A3-9474-1A3956D46DE8}") = "DAL", "DAL", "{31310D87-8201-43E3-A023-DC5B6999B02C}"
EndProject
Project("{FAE04EC0-301F-11D3-BF4B-00C04F79EFBC}") = "KarveDataAccessLayer", "Modules\DALModule\KarveDataAccessLayer.csproj", "{140C1044-4F56-4855-AF52-A2F91B369460}"
EndProject
Project("{FAE04EC0-301F-11D3-BF4B-00C04F79EFBC}") = "KarveDataServices", "Modules\DALModule\KarveDataServices\KarveDataServices.csproj", "{83407587-1785-481B-A4FB-23E035173190}"
EndProject
Project("{FAE04EC0-301F-11D3-BF4B-00C04F79EFBC}") = "ToolBarModule", "Modules\ToolBarModule\ToolBarModule.csproj", "{55CE0DE8-792F-49FC-8E90-6C3F9CD75486}"
EndProject
Project("{FAE04EC0-301F-11D3-BF4B-00C04F79EFBC}") = "KarveControls", "Controls\KarveControls\KarveControls.csproj", "{183A9EC4-DC89-411D-975D-C67FA4C01747}"
EndProject
Project("{2150E333-8FDC-42A3-9474-1A3956D46DE8}") = "Common", "Common", "{769174BC-9025-4AAF-9846-B06A619ABF05}"
EndProject
Project("{FAE04EC0-301F-11D3-BF4B-00C04F79EFBC}") = "MasterModule", "Modules\MasterModule\MasterModule.csproj", "{59B99363-3561-4B1F-94FB-136BECBAA675}"
EndProject
Project("{FAE04EC0-301F-11D3-BF4B-00C04F79EFBC}") = "KarveDapper", "..\KarveDapper\KarveDapper.csproj", "{082CB8C5-29D4-4D51-BE0A-06DEB8D7F871}"
EndProject
Project("{FAE04EC0-301F-11D3-BF4B-00C04F79EFBC}") = "KarveCommonInterfaces", "KarveCommonInterfaces\KarveCommonInterfaces.csproj", "{E9C77593-B656-45DA-BAE1-91AF97491069}"
EndProject
Project("{FAE04EC0-301F-11D3-BF4B-00C04F79EFBC}") = "HelperModule", "Modules\HelperModule\HelperModule.csproj", "{4EAA0821-1DCD-4E61-BA42-05BFD973A399}"
EndProject
Project("{FAE04EC0-301F-11D3-BF4B-00C04F79EFBC}") = "KarveLocale", "KarveLocale\KarveLocale.csproj", "{D1D7504F-994C-42FB-A78F-B6078F460F7F}"
EndProject
Project("{FAE04EC0-301F-11D3-BF4B-00C04F79EFBC}") = "CarModelModule", "Modules\CarModel\CarModel\CarModelModule.csproj", "{88410E16-A500-4947-B11B-BCA1A73D4FC5}"
EndProject
Project("{FAE04EC0-301F-11D3-BF4B-00C04F79EFBC}") = "PaymentTypeModule", "Modules\PaymentsTypeModule\PaymentTypeModule.csproj", "{3F0503DE-3DDE-40A4-AF70-F698BFA9F844}"
EndProject
Project("{FAE04EC0-301F-11D3-BF4B-00C04F79EFBC}") = "InvoiceModule", "Modules\InvoiceModule\InvoiceModule.csproj", "{2636E89F-C157-4346-BAB0-FC774BAC26AF}"
EndProject
Project("{FAE04EC0-301F-11D3-BF4B-00C04F79EFBC}") = "AssistModule", "..\AssistModule\AssistModule.csproj", "{45702527-8A2E-451F-9FE7-C28F0FE5FAFA}"
EndProject
Global
	GlobalSection(SolutionConfigurationPlatforms) = preSolution
		Debug|Any CPU = Debug|Any CPU
		Debug|x64 = Debug|x64
		Debug|x86 = Debug|x86
		Release|Any CPU = Release|Any CPU
		Release|x64 = Release|x64
		Release|x86 = Release|x86
	EndGlobalSection
	GlobalSection(ProjectConfigurationPlatforms) = postSolution
		{D670E5EB-634C-41E4-A7DD-3621E80E5EF7}.Debug|Any CPU.ActiveCfg = Debug|Any CPU
		{D670E5EB-634C-41E4-A7DD-3621E80E5EF7}.Debug|Any CPU.Build.0 = Debug|Any CPU
		{D670E5EB-634C-41E4-A7DD-3621E80E5EF7}.Debug|x64.ActiveCfg = Debug|x64
		{D670E5EB-634C-41E4-A7DD-3621E80E5EF7}.Debug|x64.Build.0 = Debug|x64
		{D670E5EB-634C-41E4-A7DD-3621E80E5EF7}.Debug|x86.ActiveCfg = Debug|x86
		{D670E5EB-634C-41E4-A7DD-3621E80E5EF7}.Debug|x86.Build.0 = Debug|x86
		{D670E5EB-634C-41E4-A7DD-3621E80E5EF7}.Release|Any CPU.ActiveCfg = Release|Any CPU
		{D670E5EB-634C-41E4-A7DD-3621E80E5EF7}.Release|Any CPU.Build.0 = Release|Any CPU
		{D670E5EB-634C-41E4-A7DD-3621E80E5EF7}.Release|x64.ActiveCfg = Release|x64
		{D670E5EB-634C-41E4-A7DD-3621E80E5EF7}.Release|x64.Build.0 = Release|x64
		{D670E5EB-634C-41E4-A7DD-3621E80E5EF7}.Release|x86.ActiveCfg = Release|x86
		{D670E5EB-634C-41E4-A7DD-3621E80E5EF7}.Release|x86.Build.0 = Release|x86
		{49FEB437-7F5A-4C7B-870C-A9BB5FC809FD}.Debug|Any CPU.ActiveCfg = Debug|Any CPU
		{49FEB437-7F5A-4C7B-870C-A9BB5FC809FD}.Debug|Any CPU.Build.0 = Debug|Any CPU
		{49FEB437-7F5A-4C7B-870C-A9BB5FC809FD}.Debug|x64.ActiveCfg = Debug|Any CPU
		{49FEB437-7F5A-4C7B-870C-A9BB5FC809FD}.Debug|x64.Build.0 = Debug|Any CPU
		{49FEB437-7F5A-4C7B-870C-A9BB5FC809FD}.Debug|x86.ActiveCfg = Debug|x86
		{49FEB437-7F5A-4C7B-870C-A9BB5FC809FD}.Debug|x86.Build.0 = Debug|x86
		{49FEB437-7F5A-4C7B-870C-A9BB5FC809FD}.Release|Any CPU.ActiveCfg = Release|Any CPU
		{49FEB437-7F5A-4C7B-870C-A9BB5FC809FD}.Release|Any CPU.Build.0 = Release|Any CPU
		{49FEB437-7F5A-4C7B-870C-A9BB5FC809FD}.Release|x64.ActiveCfg = Release|Any CPU
		{49FEB437-7F5A-4C7B-870C-A9BB5FC809FD}.Release|x64.Build.0 = Release|Any CPU
		{49FEB437-7F5A-4C7B-870C-A9BB5FC809FD}.Release|x86.ActiveCfg = Release|x86
		{49FEB437-7F5A-4C7B-870C-A9BB5FC809FD}.Release|x86.Build.0 = Release|x86
		{B1BCB441-8F41-4B63-9FAD-2EB0083260A0}.Debug|Any CPU.ActiveCfg = Debug|Any CPU
		{B1BCB441-8F41-4B63-9FAD-2EB0083260A0}.Debug|Any CPU.Build.0 = Debug|Any CPU
		{B1BCB441-8F41-4B63-9FAD-2EB0083260A0}.Debug|x64.ActiveCfg = Debug|Any CPU
		{B1BCB441-8F41-4B63-9FAD-2EB0083260A0}.Debug|x64.Build.0 = Debug|Any CPU
		{B1BCB441-8F41-4B63-9FAD-2EB0083260A0}.Debug|x86.ActiveCfg = Debug|x86
		{B1BCB441-8F41-4B63-9FAD-2EB0083260A0}.Debug|x86.Build.0 = Debug|x86
		{B1BCB441-8F41-4B63-9FAD-2EB0083260A0}.Release|Any CPU.ActiveCfg = Release|Any CPU
		{B1BCB441-8F41-4B63-9FAD-2EB0083260A0}.Release|Any CPU.Build.0 = Release|Any CPU
		{B1BCB441-8F41-4B63-9FAD-2EB0083260A0}.Release|x64.ActiveCfg = Release|Any CPU
		{B1BCB441-8F41-4B63-9FAD-2EB0083260A0}.Release|x64.Build.0 = Release|Any CPU
		{B1BCB441-8F41-4B63-9FAD-2EB0083260A0}.Release|x86.ActiveCfg = Release|x86
		{B1BCB441-8F41-4B63-9FAD-2EB0083260A0}.Release|x86.Build.0 = Release|x86
		{140C1044-4F56-4855-AF52-A2F91B369460}.Debug|Any CPU.ActiveCfg = Debug|Any CPU
		{140C1044-4F56-4855-AF52-A2F91B369460}.Debug|Any CPU.Build.0 = Debug|Any CPU
		{140C1044-4F56-4855-AF52-A2F91B369460}.Debug|x64.ActiveCfg = Debug|Any CPU
		{140C1044-4F56-4855-AF52-A2F91B369460}.Debug|x64.Build.0 = Debug|Any CPU
		{140C1044-4F56-4855-AF52-A2F91B369460}.Debug|x86.ActiveCfg = Debug|x86
		{140C1044-4F56-4855-AF52-A2F91B369460}.Debug|x86.Build.0 = Debug|x86
		{140C1044-4F56-4855-AF52-A2F91B369460}.Release|Any CPU.ActiveCfg = Release|Any CPU
		{140C1044-4F56-4855-AF52-A2F91B369460}.Release|Any CPU.Build.0 = Release|Any CPU
		{140C1044-4F56-4855-AF52-A2F91B369460}.Release|x64.ActiveCfg = Release|Any CPU
		{140C1044-4F56-4855-AF52-A2F91B369460}.Release|x64.Build.0 = Release|Any CPU
		{140C1044-4F56-4855-AF52-A2F91B369460}.Release|x86.ActiveCfg = Release|x86
		{140C1044-4F56-4855-AF52-A2F91B369460}.Release|x86.Build.0 = Release|x86
		{83407587-1785-481B-A4FB-23E035173190}.Debug|Any CPU.ActiveCfg = Debug|Any CPU
		{83407587-1785-481B-A4FB-23E035173190}.Debug|Any CPU.Build.0 = Debug|Any CPU
		{83407587-1785-481B-A4FB-23E035173190}.Debug|x64.ActiveCfg = Debug|Any CPU
		{83407587-1785-481B-A4FB-23E035173190}.Debug|x64.Build.0 = Debug|Any CPU
		{83407587-1785-481B-A4FB-23E035173190}.Debug|x86.ActiveCfg = Debug|x86
		{83407587-1785-481B-A4FB-23E035173190}.Debug|x86.Build.0 = Debug|x86
		{83407587-1785-481B-A4FB-23E035173190}.Release|Any CPU.ActiveCfg = Release|Any CPU
		{83407587-1785-481B-A4FB-23E035173190}.Release|Any CPU.Build.0 = Release|Any CPU
		{83407587-1785-481B-A4FB-23E035173190}.Release|x64.ActiveCfg = Release|Any CPU
		{83407587-1785-481B-A4FB-23E035173190}.Release|x64.Build.0 = Release|Any CPU
		{83407587-1785-481B-A4FB-23E035173190}.Release|x86.ActiveCfg = Release|x86
		{83407587-1785-481B-A4FB-23E035173190}.Release|x86.Build.0 = Release|x86
		{55CE0DE8-792F-49FC-8E90-6C3F9CD75486}.Debug|Any CPU.ActiveCfg = Debug|Any CPU
		{55CE0DE8-792F-49FC-8E90-6C3F9CD75486}.Debug|Any CPU.Build.0 = Debug|Any CPU
		{55CE0DE8-792F-49FC-8E90-6C3F9CD75486}.Debug|x64.ActiveCfg = Debug|Any CPU
		{55CE0DE8-792F-49FC-8E90-6C3F9CD75486}.Debug|x64.Build.0 = Debug|Any CPU
		{55CE0DE8-792F-49FC-8E90-6C3F9CD75486}.Debug|x86.ActiveCfg = Debug|x86
		{55CE0DE8-792F-49FC-8E90-6C3F9CD75486}.Debug|x86.Build.0 = Debug|x86
		{55CE0DE8-792F-49FC-8E90-6C3F9CD75486}.Release|Any CPU.ActiveCfg = Release|Any CPU
		{55CE0DE8-792F-49FC-8E90-6C3F9CD75486}.Release|Any CPU.Build.0 = Release|Any CPU
		{55CE0DE8-792F-49FC-8E90-6C3F9CD75486}.Release|x64.ActiveCfg = Release|Any CPU
		{55CE0DE8-792F-49FC-8E90-6C3F9CD75486}.Release|x64.Build.0 = Release|Any CPU
		{55CE0DE8-792F-49FC-8E90-6C3F9CD75486}.Release|x86.ActiveCfg = Release|x86
		{55CE0DE8-792F-49FC-8E90-6C3F9CD75486}.Release|x86.Build.0 = Release|x86
		{183A9EC4-DC89-411D-975D-C67FA4C01747}.Debug|Any CPU.ActiveCfg = Debug|Any CPU
		{183A9EC4-DC89-411D-975D-C67FA4C01747}.Debug|Any CPU.Build.0 = Debug|Any CPU
		{183A9EC4-DC89-411D-975D-C67FA4C01747}.Debug|x64.ActiveCfg = Debug|Any CPU
		{183A9EC4-DC89-411D-975D-C67FA4C01747}.Debug|x64.Build.0 = Debug|Any CPU
		{183A9EC4-DC89-411D-975D-C67FA4C01747}.Debug|x86.ActiveCfg = Debug|x86
		{183A9EC4-DC89-411D-975D-C67FA4C01747}.Debug|x86.Build.0 = Debug|x86
		{183A9EC4-DC89-411D-975D-C67FA4C01747}.Release|Any CPU.ActiveCfg = Release|Any CPU
		{183A9EC4-DC89-411D-975D-C67FA4C01747}.Release|Any CPU.Build.0 = Release|Any CPU
		{183A9EC4-DC89-411D-975D-C67FA4C01747}.Release|x64.ActiveCfg = Release|Any CPU
		{183A9EC4-DC89-411D-975D-C67FA4C01747}.Release|x64.Build.0 = Release|Any CPU
		{183A9EC4-DC89-411D-975D-C67FA4C01747}.Release|x86.ActiveCfg = Release|x86
		{183A9EC4-DC89-411D-975D-C67FA4C01747}.Release|x86.Build.0 = Release|x86
		{59B99363-3561-4B1F-94FB-136BECBAA675}.Debug|Any CPU.ActiveCfg = Debug|Any CPU
		{59B99363-3561-4B1F-94FB-136BECBAA675}.Debug|Any CPU.Build.0 = Debug|Any CPU
		{59B99363-3561-4B1F-94FB-136BECBAA675}.Debug|x64.ActiveCfg = Debug|Any CPU
		{59B99363-3561-4B1F-94FB-136BECBAA675}.Debug|x64.Build.0 = Debug|Any CPU
		{59B99363-3561-4B1F-94FB-136BECBAA675}.Debug|x86.ActiveCfg = Debug|x86
		{59B99363-3561-4B1F-94FB-136BECBAA675}.Debug|x86.Build.0 = Debug|x86
		{59B99363-3561-4B1F-94FB-136BECBAA675}.Release|Any CPU.ActiveCfg = Release|Any CPU
		{59B99363-3561-4B1F-94FB-136BECBAA675}.Release|Any CPU.Build.0 = Release|Any CPU
		{59B99363-3561-4B1F-94FB-136BECBAA675}.Release|x64.ActiveCfg = Release|Any CPU
		{59B99363-3561-4B1F-94FB-136BECBAA675}.Release|x64.Build.0 = Release|Any CPU
		{59B99363-3561-4B1F-94FB-136BECBAA675}.Release|x86.ActiveCfg = Release|x86
		{59B99363-3561-4B1F-94FB-136BECBAA675}.Release|x86.Build.0 = Release|x86
		{082CB8C5-29D4-4D51-BE0A-06DEB8D7F871}.Debug|Any CPU.ActiveCfg = Debug|Any CPU
		{082CB8C5-29D4-4D51-BE0A-06DEB8D7F871}.Debug|Any CPU.Build.0 = Debug|Any CPU
		{082CB8C5-29D4-4D51-BE0A-06DEB8D7F871}.Debug|x64.ActiveCfg = Debug|Any CPU
		{082CB8C5-29D4-4D51-BE0A-06DEB8D7F871}.Debug|x64.Build.0 = Debug|Any CPU
		{082CB8C5-29D4-4D51-BE0A-06DEB8D7F871}.Debug|x86.ActiveCfg = Debug|x86
		{082CB8C5-29D4-4D51-BE0A-06DEB8D7F871}.Debug|x86.Build.0 = Debug|x86
		{082CB8C5-29D4-4D51-BE0A-06DEB8D7F871}.Release|Any CPU.ActiveCfg = Release|Any CPU
		{082CB8C5-29D4-4D51-BE0A-06DEB8D7F871}.Release|Any CPU.Build.0 = Release|Any CPU
		{082CB8C5-29D4-4D51-BE0A-06DEB8D7F871}.Release|x64.ActiveCfg = Release|Any CPU
		{082CB8C5-29D4-4D51-BE0A-06DEB8D7F871}.Release|x64.Build.0 = Release|Any CPU
		{082CB8C5-29D4-4D51-BE0A-06DEB8D7F871}.Release|x86.ActiveCfg = Release|x86
		{082CB8C5-29D4-4D51-BE0A-06DEB8D7F871}.Release|x86.Build.0 = Release|x86
		{E9C77593-B656-45DA-BAE1-91AF97491069}.Debug|Any CPU.ActiveCfg = Debug|Any CPU
		{E9C77593-B656-45DA-BAE1-91AF97491069}.Debug|Any CPU.Build.0 = Debug|Any CPU
		{E9C77593-B656-45DA-BAE1-91AF97491069}.Debug|x64.ActiveCfg = Debug|Any CPU
		{E9C77593-B656-45DA-BAE1-91AF97491069}.Debug|x64.Build.0 = Debug|Any CPU
		{E9C77593-B656-45DA-BAE1-91AF97491069}.Debug|x86.ActiveCfg = Debug|Any CPU
		{E9C77593-B656-45DA-BAE1-91AF97491069}.Debug|x86.Build.0 = Debug|Any CPU
		{E9C77593-B656-45DA-BAE1-91AF97491069}.Release|Any CPU.ActiveCfg = Release|Any CPU
		{E9C77593-B656-45DA-BAE1-91AF97491069}.Release|Any CPU.Build.0 = Release|Any CPU
		{E9C77593-B656-45DA-BAE1-91AF97491069}.Release|x64.ActiveCfg = Release|Any CPU
		{E9C77593-B656-45DA-BAE1-91AF97491069}.Release|x64.Build.0 = Release|Any CPU
		{E9C77593-B656-45DA-BAE1-91AF97491069}.Release|x86.ActiveCfg = Release|Any CPU
		{E9C77593-B656-45DA-BAE1-91AF97491069}.Release|x86.Build.0 = Release|Any CPU
		{4EAA0821-1DCD-4E61-BA42-05BFD973A399}.Debug|Any CPU.ActiveCfg = Debug|Any CPU
		{4EAA0821-1DCD-4E61-BA42-05BFD973A399}.Debug|Any CPU.Build.0 = Debug|Any CPU
		{4EAA0821-1DCD-4E61-BA42-05BFD973A399}.Debug|x64.ActiveCfg = Debug|Any CPU
		{4EAA0821-1DCD-4E61-BA42-05BFD973A399}.Debug|x64.Build.0 = Debug|Any CPU
		{4EAA0821-1DCD-4E61-BA42-05BFD973A399}.Debug|x86.ActiveCfg = Debug|Any CPU
		{4EAA0821-1DCD-4E61-BA42-05BFD973A399}.Debug|x86.Build.0 = Debug|Any CPU
		{4EAA0821-1DCD-4E61-BA42-05BFD973A399}.Release|Any CPU.ActiveCfg = Release|Any CPU
		{4EAA0821-1DCD-4E61-BA42-05BFD973A399}.Release|Any CPU.Build.0 = Release|Any CPU
		{4EAA0821-1DCD-4E61-BA42-05BFD973A399}.Release|x64.ActiveCfg = Release|Any CPU
		{4EAA0821-1DCD-4E61-BA42-05BFD973A399}.Release|x64.Build.0 = Release|Any CPU
		{4EAA0821-1DCD-4E61-BA42-05BFD973A399}.Release|x86.ActiveCfg = Release|Any CPU
		{4EAA0821-1DCD-4E61-BA42-05BFD973A399}.Release|x86.Build.0 = Release|Any CPU
		{D1D7504F-994C-42FB-A78F-B6078F460F7F}.Debug|Any CPU.ActiveCfg = Debug|Any CPU
		{D1D7504F-994C-42FB-A78F-B6078F460F7F}.Debug|Any CPU.Build.0 = Debug|Any CPU
		{D1D7504F-994C-42FB-A78F-B6078F460F7F}.Debug|x64.ActiveCfg = Debug|Any CPU
		{D1D7504F-994C-42FB-A78F-B6078F460F7F}.Debug|x64.Build.0 = Debug|Any CPU
		{D1D7504F-994C-42FB-A78F-B6078F460F7F}.Debug|x86.ActiveCfg = Debug|Any CPU
		{D1D7504F-994C-42FB-A78F-B6078F460F7F}.Debug|x86.Build.0 = Debug|Any CPU
		{D1D7504F-994C-42FB-A78F-B6078F460F7F}.Release|Any CPU.ActiveCfg = Release|Any CPU
		{D1D7504F-994C-42FB-A78F-B6078F460F7F}.Release|Any CPU.Build.0 = Release|Any CPU
		{D1D7504F-994C-42FB-A78F-B6078F460F7F}.Release|x64.ActiveCfg = Release|Any CPU
		{D1D7504F-994C-42FB-A78F-B6078F460F7F}.Release|x64.Build.0 = Release|Any CPU
		{D1D7504F-994C-42FB-A78F-B6078F460F7F}.Release|x86.ActiveCfg = Release|Any CPU
		{D1D7504F-994C-42FB-A78F-B6078F460F7F}.Release|x86.Build.0 = Release|Any CPU
		{88410E16-A500-4947-B11B-BCA1A73D4FC5}.Debug|Any CPU.ActiveCfg = Debug|Any CPU
		{88410E16-A500-4947-B11B-BCA1A73D4FC5}.Debug|Any CPU.Build.0 = Debug|Any CPU
		{88410E16-A500-4947-B11B-BCA1A73D4FC5}.Debug|x64.ActiveCfg = Debug|Any CPU
		{88410E16-A500-4947-B11B-BCA1A73D4FC5}.Debug|x64.Build.0 = Debug|Any CPU
		{88410E16-A500-4947-B11B-BCA1A73D4FC5}.Debug|x86.ActiveCfg = Debug|Any CPU
		{88410E16-A500-4947-B11B-BCA1A73D4FC5}.Debug|x86.Build.0 = Debug|Any CPU
		{88410E16-A500-4947-B11B-BCA1A73D4FC5}.Release|Any CPU.ActiveCfg = Release|Any CPU
		{88410E16-A500-4947-B11B-BCA1A73D4FC5}.Release|Any CPU.Build.0 = Release|Any CPU
		{88410E16-A500-4947-B11B-BCA1A73D4FC5}.Release|x64.ActiveCfg = Release|Any CPU
		{88410E16-A500-4947-B11B-BCA1A73D4FC5}.Release|x64.Build.0 = Release|Any CPU
		{88410E16-A500-4947-B11B-BCA1A73D4FC5}.Release|x86.ActiveCfg = Release|Any CPU
		{88410E16-A500-4947-B11B-BCA1A73D4FC5}.Release|x86.Build.0 = Release|Any CPU
		{3F0503DE-3DDE-40A4-AF70-F698BFA9F844}.Debug|Any CPU.ActiveCfg = Debug|Any CPU
		{3F0503DE-3DDE-40A4-AF70-F698BFA9F844}.Debug|Any CPU.Build.0 = Debug|Any CPU
		{3F0503DE-3DDE-40A4-AF70-F698BFA9F844}.Debug|x64.ActiveCfg = Debug|Any CPU
		{3F0503DE-3DDE-40A4-AF70-F698BFA9F844}.Debug|x64.Build.0 = Debug|Any CPU
		{3F0503DE-3DDE-40A4-AF70-F698BFA9F844}.Debug|x86.ActiveCfg = Debug|Any CPU
		{3F0503DE-3DDE-40A4-AF70-F698BFA9F844}.Debug|x86.Build.0 = Debug|Any CPU
		{3F0503DE-3DDE-40A4-AF70-F698BFA9F844}.Release|Any CPU.ActiveCfg = Release|Any CPU
		{3F0503DE-3DDE-40A4-AF70-F698BFA9F844}.Release|Any CPU.Build.0 = Release|Any CPU
		{3F0503DE-3DDE-40A4-AF70-F698BFA9F844}.Release|x64.ActiveCfg = Release|Any CPU
		{3F0503DE-3DDE-40A4-AF70-F698BFA9F844}.Release|x64.Build.0 = Release|Any CPU
		{3F0503DE-3DDE-40A4-AF70-F698BFA9F844}.Release|x86.ActiveCfg = Release|Any CPU
		{3F0503DE-3DDE-40A4-AF70-F698BFA9F844}.Release|x86.Build.0 = Release|Any CPU
		{2636E89F-C157-4346-BAB0-FC774BAC26AF}.Debug|Any CPU.ActiveCfg = Debug|Any CPU
		{2636E89F-C157-4346-BAB0-FC774BAC26AF}.Debug|Any CPU.Build.0 = Debug|Any CPU
		{2636E89F-C157-4346-BAB0-FC774BAC26AF}.Debug|x64.ActiveCfg = Debug|Any CPU
		{2636E89F-C157-4346-BAB0-FC774BAC26AF}.Debug|x64.Build.0 = Debug|Any CPU
		{2636E89F-C157-4346-BAB0-FC774BAC26AF}.Debug|x86.ActiveCfg = Debug|Any CPU
		{2636E89F-C157-4346-BAB0-FC774BAC26AF}.Debug|x86.Build.0 = Debug|Any CPU
		{2636E89F-C157-4346-BAB0-FC774BAC26AF}.Release|Any CPU.ActiveCfg = Release|Any CPU
		{2636E89F-C157-4346-BAB0-FC774BAC26AF}.Release|Any CPU.Build.0 = Release|Any CPU
		{2636E89F-C157-4346-BAB0-FC774BAC26AF}.Release|x64.ActiveCfg = Release|Any CPU
		{2636E89F-C157-4346-BAB0-FC774BAC26AF}.Release|x64.Build.0 = Release|Any CPU
		{2636E89F-C157-4346-BAB0-FC774BAC26AF}.Release|x86.ActiveCfg = Release|Any CPU
		{2636E89F-C157-4346-BAB0-FC774BAC26AF}.Release|x86.Build.0 = Release|Any CPU
		{45702527-8A2E-451F-9FE7-C28F0FE5FAFA}.Debug|Any CPU.ActiveCfg = Debug|Any CPU
		{45702527-8A2E-451F-9FE7-C28F0FE5FAFA}.Debug|Any CPU.Build.0 = Debug|Any CPU
		{45702527-8A2E-451F-9FE7-C28F0FE5FAFA}.Debug|x64.ActiveCfg = Debug|Any CPU
		{45702527-8A2E-451F-9FE7-C28F0FE5FAFA}.Debug|x64.Build.0 = Debug|Any CPU
		{45702527-8A2E-451F-9FE7-C28F0FE5FAFA}.Debug|x86.ActiveCfg = Debug|Any CPU
		{45702527-8A2E-451F-9FE7-C28F0FE5FAFA}.Debug|x86.Build.0 = Debug|Any CPU
		{45702527-8A2E-451F-9FE7-C28F0FE5FAFA}.Release|Any CPU.ActiveCfg = Release|Any CPU
		{45702527-8A2E-451F-9FE7-C28F0FE5FAFA}.Release|Any CPU.Build.0 = Release|Any CPU
		{45702527-8A2E-451F-9FE7-C28F0FE5FAFA}.Release|x64.ActiveCfg = Release|Any CPU
		{45702527-8A2E-451F-9FE7-C28F0FE5FAFA}.Release|x64.Build.0 = Release|Any CPU
		{45702527-8A2E-451F-9FE7-C28F0FE5FAFA}.Release|x86.ActiveCfg = Release|Any CPU
		{45702527-8A2E-451F-9FE7-C28F0FE5FAFA}.Release|x86.Build.0 = Release|Any CPU
	EndGlobalSection
	GlobalSection(SolutionProperties) = preSolution
		HideSolutionNode = FALSE
	EndGlobalSection
	GlobalSection(NestedProjects) = preSolution
		{31310D87-8201-43E3-A023-DC5B6999B02C} = {F8439BD1-C948-4FD8-B1C5-FDD1152FB29E}
		{140C1044-4F56-4855-AF52-A2F91B369460} = {31310D87-8201-43E3-A023-DC5B6999B02C}
		{83407587-1785-481B-A4FB-23E035173190} = {31310D87-8201-43E3-A023-DC5B6999B02C}
		{55CE0DE8-792F-49FC-8E90-6C3F9CD75486} = {F8439BD1-C948-4FD8-B1C5-FDD1152FB29E}
		{769174BC-9025-4AAF-9846-B06A619ABF05} = {F8439BD1-C948-4FD8-B1C5-FDD1152FB29E}
		{59B99363-3561-4B1F-94FB-136BECBAA675} = {F8439BD1-C948-4FD8-B1C5-FDD1152FB29E}
		{082CB8C5-29D4-4D51-BE0A-06DEB8D7F871} = {31310D87-8201-43E3-A023-DC5B6999B02C}
		{4EAA0821-1DCD-4E61-BA42-05BFD973A399} = {F8439BD1-C948-4FD8-B1C5-FDD1152FB29E}
		{88410E16-A500-4947-B11B-BCA1A73D4FC5} = {F8439BD1-C948-4FD8-B1C5-FDD1152FB29E}
		{3F0503DE-3DDE-40A4-AF70-F698BFA9F844} = {F8439BD1-C948-4FD8-B1C5-FDD1152FB29E}
		{2636E89F-C157-4346-BAB0-FC774BAC26AF} = {F8439BD1-C948-4FD8-B1C5-FDD1152FB29E}
		{45702527-8A2E-451F-9FE7-C28F0FE5FAFA} = {F8439BD1-C948-4FD8-B1C5-FDD1152FB29E}
	EndGlobalSection
	GlobalSection(ExtensibilityGlobals) = postSolution
		SolutionGuid = {23BE9D78-4DE2-42C8-98C4-3590AFE5DA04}
		RESX_DuplicateKeyHandling = Fail
		RESX_NeutralResourcesLanguage = es-ES
		EnterpriseLibraryConfigurationToolBinariesPath = packages\Unity.2.1.505.0\lib\NET35
	EndGlobalSection
EndGlobal
